dependencies:
  georgik/sdl:
    component_hash: 28b7e15aa029404b8e3bd47be3489faee34d6bf024d049d853e6a9d7154cca9e
    dependencies:
    - name: idf
      require: private
      version: '>=5.5.0'
    source:
      registry_url: https://components.espressif.com/
      type: service
    version: 3.3.7
  idf:
    source:
      type: idf
    version: 5.5.4
  lvgl/lvgl:
    component_hash: 184e532558c1c45fefed631f3e235423d22582aafb4630f3e8885c35281a49ae
    dependencies: []
    source:
      registry_url: https://components.espressif.com/
      type: service
    version: 9.5.0
direct_dependencies:
- georgik/sdl
- idf
- lvgl/lvgl
manifest_hash: 7a821c79c3d98b3b0eb2d63ab4f207481c0b25eab23fd5431e60fc5f79043c29
target: esp32
version: 2.0.0
