dependencies:
  espressif/wasm-micro-runtime:
    component_hash: 04f25aad2896b5e906397a061d35cce560609bebd3913a4be7e365ecbf2dd9d6
    dependencies:
    - name: idf
      require: private
      version: '>=5.1'
    source:
      registry_url: https://components.espressif.com/
      type: service
    targets:
    - esp32
    - esp32s3
    - esp32c3
    - esp32c6
    - esp32p4
    - esp32c5
    version: 2.4.0~1
  georgik/sdl:
    component_hash: 28b7e15aa029404b8e3bd47be3489faee34d6bf024d049d853e6a9d7154cca9e
    dependencies:
    - name: idf
      require: private
      version: '>=5.5.0'
    source:
      registry_url: https://components.espressif.com/
      type: service
    version: 3.3.7
  idf:
    source:
      type: idf
    version: 5.5.4
  lvgl/lvgl:
    component_hash: 184e532558c1c45fefed631f3e235423d22582aafb4630f3e8885c35281a49ae
    dependencies: []
    source:
      registry_url: https://components.espressif.com/
      type: service
    version: 9.5.0
direct_dependencies:
- espressif/wasm-micro-runtime
- georgik/sdl
- idf
- lvgl/lvgl
manifest_hash: 9b4e6b4a366be503c53abd743bb24e19759557ca6f4152d994f0b51aa7ed5f96
target: esp32
version: 2.0.0
